
Microsoft Visual Studio Solution File, Format Version 12.00
# Visual Studio Version 17
VisualStudioVersion = 17.9.34714.143
MinimumVisualStudioVersion = 10.0.40219.1
Project("{8BC9CEB8-8B4A-11D0-8D11-00A0C91BC942}") = "Ch03Exercise7", "Ch03Exercise7.vcxproj", "{002E0717-4C98-4C19-87D0-0DB9AD512E15}"
EndProject
Global
	GlobalSection(SolutionConfigurationPlatforms) = preSolution
		Debug|x64 = Debug|x64
		Debug|x86 = Debug|x86
		Release|x64 = Release|x64
		Release|x86 = Release|x86
	EndGlobalSection
	GlobalSection(ProjectConfigurationPlatforms) = postSolution
		{002E0717-4C98-4C19-87D0-0DB9AD512E15}.Debug|x64.ActiveCfg = Debug|x64
		{002E0717-4C98-4C19-87D0-0DB9AD512E15}.Debug|x64.Build.0 = Debug|x64
		{002E0717-4C98-4C19-87D0-0DB9AD512E15}.Debug|x86.ActiveCfg = Debug|Win32
		{002E0717-4C98-4C19-87D0-0DB9AD512E15}.Debug|x86.Build.0 = Debug|Win32
		{002E0717-4C98-4C19-87D0-0DB9AD512E15}.Release|x64.ActiveCfg = Release|x64
		{002E0717-4C98-4C19-87D0-0DB9AD512E15}.Release|x64.Build.0 = Release|x64
		{002E0717-4C98-4C19-87D0-0DB9AD512E15}.Release|x86.ActiveCfg = Release|Win32
		{002E0717-4C98-4C19-87D0-0DB9AD512E15}.Release|x86.Build.0 = Release|Win32
	EndGlobalSection
	GlobalSection(SolutionProperties) = preSolution
		HideSolutionNode = FALSE
	EndGlobalSection
	GlobalSection(ExtensibilityGlobals) = postSolution
		SolutionGuid = {473D6B16-4A15-4344-AA55-D95152B8BA43}
	EndGlobalSection
EndGlobal
